# THIS IS AN AUTOGENERATED FILE. DO NOT EDIT THIS FILE DIRECTLY.
# yarn lockfile v1


fast-xml-parser@^3.17.4:
  version "3.17.4"
  resolved "https://registry.yarnpkg.com/fast-xml-parser/-/fast-xml-parser-3.17.4.tgz#d668495fb3e4bbcf7970f3c24ac0019d82e76477"
  integrity sha512-qudnQuyYBgnvzf5Lj/yxMcf4L9NcVWihXJg7CiU1L+oUCq8MUnFEfH2/nXR/W5uq+yvUN1h7z6s7vs2v1WkL1A==

prettier@^2.1.1:
  version "2.1.1"
  resolved "https://registry.yarnpkg.com/prettier/-/prettier-2.1.1.tgz#d9485dd5e499daa6cb547023b87a6cf51bee37d6"
  integrity sha512-9bY+5ZWCfqj3ghYBLxApy2zf6m+NJo5GzmLTpr9FsApsfjriNnS2dahWReHMi7qNPhhHl9SYHJs2cHZLgexNIw==

typescript@~3.9.0:
  version "3.9.7"
  resolved "https://registry.yarnpkg.com/typescript/-/typescript-3.9.7.tgz#98d600a5ebdc38f40cb277522f12dc800e9e25fa"
  integrity sha512-BLbiRkiBzAwsjut4x/dsibSTB6yWpwT5qWmC2OfuCg3GgVQCSgMs4vEctYPhsaGtd0AeuuHMkjZ2h2WG8MSzRw==
